
Microsoft Visual Studio Solution File, Format Version 12.00
# Visual Studio Version 17
VisualStudioVersion = 17.2.32408.312
MinimumVisualStudioVersion = 10.0.40219.1
Project("{8BC9CEB8-8B4A-11D0-8D11-00A0C91BC942}") = "aktualna godzina", "aktualna godzina\aktualna godzina.vcxproj", "{38E0FBE2-3C53-4571-A8F0-BC2F5D822FDB}"
EndProject
Global
	GlobalSection(SolutionConfigurationPlatforms) = preSolution
		Debug|x64 = Debug|x64
		Debug|x86 = Debug|x86
		Release|x64 = Release|x64
		Release|x86 = Release|x86
	EndGlobalSection
	GlobalSection(ProjectConfigurationPlatforms) = postSolution
		{38E0FBE2-3C53-4571-A8F0-BC2F5D822FDB}.Debug|x64.ActiveCfg = Debug|x64
		{38E0FBE2-3C53-4571-A8F0-BC2F5D822FDB}.Debug|x64.Build.0 = Debug|x64
		{38E0FBE2-3C53-4571-A8F0-BC2F5D822FDB}.Debug|x86.ActiveCfg = Debug|Win32
		{38E0FBE2-3C53-4571-A8F0-BC2F5D822FDB}.Debug|x86.Build.0 = Debug|Win32
		{38E0FBE2-3C53-4571-A8F0-BC2F5D822FDB}.Release|x64.ActiveCfg = Release|x64
		{38E0FBE2-3C53-4571-A8F0-BC2F5D822FDB}.Release|x64.Build.0 = Release|x64
		{38E0FBE2-3C53-4571-A8F0-BC2F5D822FDB}.Release|x86.ActiveCfg = Release|Win32
		{38E0FBE2-3C53-4571-A8F0-BC2F5D822FDB}.Release|x86.Build.0 = Release|Win32
	EndGlobalSection
	GlobalSection(SolutionProperties) = preSolution
		HideSolutionNode = FALSE
	EndGlobalSection
	GlobalSection(ExtensibilityGlobals) = postSolution
		SolutionGuid = {2A0D7AD8-FE60-49B0-BA7E-61416B65295B}
	EndGlobalSection
EndGlobal
