
Microsoft Visual Studio Solution File, Format Version 12.00
# Visual Studio Version 17
VisualStudioVersion = 17.2.32408.312
MinimumVisualStudioVersion = 10.0.40219.1
Project("{8BC9CEB8-8B4A-11D0-8D11-00A0C91BC942}") = "u2tom2", "u2tom2\u2tom2.vcxproj", "{FA6A3111-8FE8-427E-B77A-3E36A467AD25}"
EndProject
Global
	GlobalSection(SolutionConfigurationPlatforms) = preSolution
		Debug|x64 = Debug|x64
		Debug|x86 = Debug|x86
		Release|x64 = Release|x64
		Release|x86 = Release|x86
	EndGlobalSection
	GlobalSection(ProjectConfigurationPlatforms) = postSolution
		{FA6A3111-8FE8-427E-B77A-3E36A467AD25}.Debug|x64.ActiveCfg = Debug|x64
		{FA6A3111-8FE8-427E-B77A-3E36A467AD25}.Debug|x64.Build.0 = Debug|x64
		{FA6A3111-8FE8-427E-B77A-3E36A467AD25}.Debug|x86.ActiveCfg = Debug|Win32
		{FA6A3111-8FE8-427E-B77A-3E36A467AD25}.Debug|x86.Build.0 = Debug|Win32
		{FA6A3111-8FE8-427E-B77A-3E36A467AD25}.Release|x64.ActiveCfg = Release|x64
		{FA6A3111-8FE8-427E-B77A-3E36A467AD25}.Release|x64.Build.0 = Release|x64
		{FA6A3111-8FE8-427E-B77A-3E36A467AD25}.Release|x86.ActiveCfg = Release|Win32
		{FA6A3111-8FE8-427E-B77A-3E36A467AD25}.Release|x86.Build.0 = Release|Win32
	EndGlobalSection
	GlobalSection(SolutionProperties) = preSolution
		HideSolutionNode = FALSE
	EndGlobalSection
	GlobalSection(ExtensibilityGlobals) = postSolution
		SolutionGuid = {21401DA8-0585-4F0D-AE20-725C50CF1C27}
	EndGlobalSection
EndGlobal
