
Microsoft Visual Studio Solution File, Format Version 12.00
# Visual Studio Version 17
VisualStudioVersion = 17.2.32408.312
MinimumVisualStudioVersion = 10.0.40219.1
Project("{8BC9CEB8-8B4A-11D0-8D11-00A0C91BC942}") = "spacje", "spacje\spacje.vcxproj", "{FEA3DED7-8F0F-4094-8D7C-EDBBC6D4ECB4}"
EndProject
Global
	GlobalSection(SolutionConfigurationPlatforms) = preSolution
		Debug|x64 = Debug|x64
		Debug|x86 = Debug|x86
		Release|x64 = Release|x64
		Release|x86 = Release|x86
	EndGlobalSection
	GlobalSection(ProjectConfigurationPlatforms) = postSolution
		{FEA3DED7-8F0F-4094-8D7C-EDBBC6D4ECB4}.Debug|x64.ActiveCfg = Debug|x64
		{FEA3DED7-8F0F-4094-8D7C-EDBBC6D4ECB4}.Debug|x64.Build.0 = Debug|x64
		{FEA3DED7-8F0F-4094-8D7C-EDBBC6D4ECB4}.Debug|x86.ActiveCfg = Debug|Win32
		{FEA3DED7-8F0F-4094-8D7C-EDBBC6D4ECB4}.Debug|x86.Build.0 = Debug|Win32
		{FEA3DED7-8F0F-4094-8D7C-EDBBC6D4ECB4}.Release|x64.ActiveCfg = Release|x64
		{FEA3DED7-8F0F-4094-8D7C-EDBBC6D4ECB4}.Release|x64.Build.0 = Release|x64
		{FEA3DED7-8F0F-4094-8D7C-EDBBC6D4ECB4}.Release|x86.ActiveCfg = Release|Win32
		{FEA3DED7-8F0F-4094-8D7C-EDBBC6D4ECB4}.Release|x86.Build.0 = Release|Win32
	EndGlobalSection
	GlobalSection(SolutionProperties) = preSolution
		HideSolutionNode = FALSE
	EndGlobalSection
	GlobalSection(ExtensibilityGlobals) = postSolution
		SolutionGuid = {7627FB91-8991-4B6D-9E36-4DF24580E0F3}
	EndGlobalSection
EndGlobal
